// !$*UTF8*$!
{
	archiveVersion = 1;
	classes = {
	};
	objectVersion = 50;
	objects = {

/* Begin PBXBuildFile section */
		542CD89A23CC644C0015A545 /* AppDelegate.swift in Sources */ = {isa = PBXBuildFile; fileRef = 542CD89923CC644C0015A545 /* AppDelegate.swift */; };
		542CD89C23CC644C0015A545 /* SceneDelegate.swift in Sources */ = {isa = PBXBuildFile; fileRef = 542CD89B23CC644C0015A545 /* SceneDelegate.swift */; };
		542CD89E23CC644C0015A545 /* ContentView.swift in Sources */ = {isa = PBXBuildFile; fileRef = 542CD89D23CC644C0015A545 /* ContentView.swift */; };
		542CD8A023CC644D0015A545 /* Assets.xcassets in Resources */ = {isa = PBXBuildFile; fileRef = 542CD89F23CC644D0015A545 /* Assets.xcassets */; };
		542CD8A323CC644D0015A545 /* Preview Assets.xcassets in Resources */ = {isa = PBXBuildFile; fileRef = 542CD8A223CC644D0015A545 /* Preview Assets.xcassets */; };
		542CD8A623CC644D0015A545 /* LaunchScreen.storyboard in Resources */ = {isa = PBXBuildFile; fileRef = 542CD8A423CC644D0015A545 /* LaunchScreen.storyboard */; };
		542CD8B123CC644D0015A545 /* MasterWangFoodTests.swift in Sources */ = {isa = PBXBuildFile; fileRef = 542CD8B023CC644D0015A545 /* MasterWangFoodTests.swift */; };
/* End PBXBuildFile section */

/* Begin PBXContainerItemProxy section */
		542CD8AD23CC644D0015A545 /* PBXContainerItemProxy */ = {
			isa = PBXContainerItemProxy;
			containerPortal = 542CD88E23CC644C0015A545 /* Project object */;
			proxyType = 1;
			remoteGlobalIDString = 542CD89523CC644C0015A545;
			remoteInfo = MasterWangFood;
		};
/* End PBXContainerItemProxy section */

/* Begin PBXFileReference section */
		542CD89623CC644C0015A545 /* MasterWangFood.app */ = {isa = PBXFileReference; explicitFileType = wrapper.application; includeInIndex = 0; path = MasterWangFood.app; sourceTree = BUILT_PRODUCTS_DIR; };
		542CD89923CC644C0015A545 /* AppDelegate.swift */ = {isa = PBXFileReference; lastKnownFileType = sourcecode.swift; path = AppDelegate.swift; sourceTree = "<group>"; };
		542CD89B23CC644C0015A545 /* SceneDelegate.swift */ = {isa = PBXFileReference; lastKnownFileType = sourcecode.swift; path = SceneDelegate.swift; sourceTree = "<group>"; };
		542CD89D23CC644C0015A545 /* ContentView.swift */ = {isa = PBXFileReference; lastKnownFileType = sourcecode.swift; path = ContentView.swift; sourceTree = "<group>"; };
		542CD89F23CC644D0015A545 /* Assets.xcassets */ = {isa = PBXFileReference; lastKnownFileType = folder.assetcatalog; path = Assets.xcassets; sourceTree = "<group>"; };
		542CD8A223CC644D0015A545 /* Preview Assets.xcassets */ = {isa = PBXFileReference; lastKnownFileType = folder.assetcatalog; path = "Preview Assets.xcassets"; sourceTree = "<group>"; };
		542CD8A523CC644D0015A545 /* Base */ = {isa = PBXFileReference; lastKnownFileType = file.storyboard; name = Base; path = Base.lproj/LaunchScreen.storyboard; sourceTree = "<group>"; };
		542CD8A723CC644D0015A545 /* Info.plist */ = {isa = PBXFileReference; lastKnownFileType = text.plist.xml; path = Info.plist; sourceTree = "<group>"; };
		542CD8AC23CC644D0015A545 /* MasterWangFoodTests.xctest */ = {isa = PBXFileReference; explicitFileType = wrapper.cfbundle; includeInIndex = 0; path = MasterWangFoodTests.xctest; sourceTree = BUILT_PRODUCTS_DIR; };
		542CD8B023CC644D0015A545 /* MasterWangFoodTests.swift */ = {isa = PBXFileReference; lastKnownFileType = sourcecode.swift; path = MasterWangFoodTests.swift; sourceTree = "<group>"; };
		542CD8B223CC644D0015A545 /* Info.plist */ = {isa = PBXFileReference; lastKnownFileType = text.plist.xml; path = Info.plist; sourceTree = "<group>"; };
/* End PBXFileReference section */

/* Begin PBXFrameworksBuildPhase section */
		542CD89323CC644C0015A545 /* Frameworks */ = {
			isa = PBXFrameworksBuildPhase;
			buildActionMask = 2147483647;
			files = (
			);
			runOnlyForDeploymentPostprocessing = 0;
		};
		542CD8A923CC644D0015A545 /* Frameworks */ = {
			isa = PBXFrameworksBuildPhase;
			buildActionMask = 2147483647;
			files = (
			);
			runOnlyForDeploymentPostprocessing = 0;
		};
/* End PBXFrameworksBuildPhase section */

/* Begin PBXGroup section */
		542CD88D23CC644C0015A545 = {
			isa = PBXGroup;
			children = (
				542CD89823CC644C0015A545 /* MasterWangFood */,
				542CD8AF23CC644D0015A545 /* MasterWangFoodTests */,
				542CD89723CC644C0015A545 /* Products */,
			);
			sourceTree = "<group>";
		};
		542CD89723CC644C0015A545 /* Products */ = {
			isa = PBXGroup;
			children = (
				542CD89623CC644C0015A545 /* MasterWangFood.app */,
				542CD8AC23CC644D0015A545 /* MasterWangFoodTests.xctest */,
			);
			name = Products;
			sourceTree = "<group>";
		};
		542CD89823CC644C0015A545 /* MasterWangFood */ = {
			isa = PBXGroup;
			children = (
				542CD89923CC644C0015A545 /* AppDelegate.swift */,
				542CD89B23CC644C0015A545 /* SceneDelegate.swift */,
				542CD89D23CC644C0015A545 /* ContentView.swift */,
				542CD89F23CC644D0015A545 /* Assets.xcassets */,
				542CD8A423CC644D0015A545 /* LaunchScreen.storyboard */,
				542CD8A723CC644D0015A545 /* Info.plist */,
				542CD8A123CC644D0015A545 /* Preview Content */,
			);
			path = MasterWangFood;
			sourceTree = "<group>";
		};
		542CD8A123CC644D0015A545 /* Preview Content */ = {
			isa = PBXGroup;
			children = (
				542CD8A223CC644D0015A545 /* Preview Assets.xcassets */,
			);
			path = "Preview Content";
			sourceTree = "<group>";
		};
		542CD8AF23CC644D0015A545 /* MasterWangFoodTests */ = {
			isa = PBXGroup;
			children = (
				542CD8B023CC644D0015A545 /* MasterWangFoodTests.swift */,
				542CD8B223CC644D0015A545 /* Info.plist */,
			);
			path = MasterWangFoodTests;
			sourceTree = "<group>";
		};
/* End PBXGroup section */

/* Begin PBXNativeTarget section */
		542CD89523CC644C0015A545 /* MasterWangFood */ = {
			isa = PBXNativeTarget;
			buildConfigurationList = 542CD8B523CC644D0015A545 /* Build configuration list for PBXNativeTarget "MasterWangFood" */;
			buildPhases = (
				542CD89223CC644C0015A545 /* Sources */,
				542CD89323CC644C0015A545 /* Frameworks */,
				542CD89423CC644C0015A545 /* Resources */,
			);
			buildRules = (
			);
			dependencies = (
			);
			name = MasterWangFood;
			productName = MasterWangFood;
			productReference = 542CD89623CC644C0015A545 /* MasterWangFood.app */;
			productType = "com.apple.product-type.application";
		};
		542CD8AB23CC644D0015A545 /* MasterWangFoodTests */ = {
			isa = PBXNativeTarget;
			buildConfigurationList = 542CD8B823CC644D0015A545 /* Build configuration list for PBXNativeTarget "MasterWangFoodTests" */;
			buildPhases = (
				542CD8A823CC644D0015A545 /* Sources */,
				542CD8A923CC644D0015A545 /* Frameworks */,
				542CD8AA23CC644D0015A545 /* Resources */,
			);
			buildRules = (
			);
			dependencies = (
				542CD8AE23CC644D0015A545 /* PBXTargetDependency */,
			);
			name = MasterWangFoodTests;
			productName = MasterWangFoodTests;
			productReference = 542CD8AC23CC644D0015A545 /* MasterWangFoodTests.xctest */;
			productType = "com.apple.product-type.bundle.unit-test";
		};
/* End PBXNativeTarget section */

/* Begin PBXProject section */
		542CD88E23CC644C0015A545 /* Project object */ = {
			isa = PBXProject;
			attributes = {
				LastSwiftUpdateCheck = 1130;
				LastUpgradeCheck = 1130;
				ORGANIZATIONNAME = Thoughtworks;
				TargetAttributes = {
					542CD89523CC644C0015A545 = {
						CreatedOnToolsVersion = 11.3;
					};
					542CD8AB23CC644D0015A545 = {
						CreatedOnToolsVersion = 11.3;
						TestTargetID = 542CD89523CC644C0015A545;
					};
				};
			};
			buildConfigurationList = 542CD89123CC644C0015A545 /* Build configuration list for PBXProject "MasterWangFood" */;
			compatibilityVersion = "Xcode 9.3";
			developmentRegion = en;
			hasScannedForEncodings = 0;
			knownRegions = (
				en,
				Base,
			);
			mainGroup = 542CD88D23CC644C0015A545;
			productRefGroup = 542CD89723CC644C0015A545 /* Products */;
			projectDirPath = "";
			projectRoot = "";
			targets = (
				542CD89523CC644C0015A545 /* MasterWangFood */,
				542CD8AB23CC644D0015A545 /* MasterWangFoodTests */,
			);
		};
/* End PBXProject section */

/* Begin PBXResourcesBuildPhase section */
		542CD89423CC644C0015A545 /* Resources */ = {
			isa = PBXResourcesBuildPhase;
			buildActionMask = 2147483647;
			files = (
				542CD8A623CC644D0015A545 /* LaunchScreen.storyboard in Resources */,
				542CD8A323CC644D0015A545 /* Preview Assets.xcassets in Resources */,
				542CD8A023CC644D0015A545 /* Assets.xcassets in Resources */,
			);
			runOnlyForDeploymentPostprocessing = 0;
		};
		542CD8AA23CC644D0015A545 /* Resources */ = {
			isa = PBXResourcesBuildPhase;
			buildActionMask = 2147483647;
			files = (
			);
			runOnlyForDeploymentPostprocessing = 0;
		};
/* End PBXResourcesBuildPhase section */

/* Begin PBXSourcesBuildPhase section */
		542CD89223CC644C0015A545 /* Sources */ = {
			isa = PBXSourcesBuildPhase;
			buildActionMask = 2147483647;
			files = (
				542CD89A23CC644C0015A545 /* AppDelegate.swift in Sources */,
				542CD89C23CC644C0015A545 /* SceneDelegate.swift in Sources */,
				542CD89E23CC644C0015A545 /* ContentView.swift in Sources */,
			);
			runOnlyForDeploymentPostprocessing = 0;
		};
		542CD8A823CC644D0015A545 /* Sources */ = {
			isa = PBXSourcesBuildPhase;
			buildActionMask = 2147483647;
			files = (
				542CD8B123CC644D0015A545 /* MasterWangFoodTests.swift in Sources */,
			);
			runOnlyForDeploymentPostprocessing = 0;
		};
/* End PBXSourcesBuildPhase section */

/* Begin PBXTargetDependency section */
		542CD8AE23CC644D0015A545 /* PBXTargetDependency */ = {
			isa = PBXTargetDependency;
			target = 542CD89523CC644C0015A545 /* MasterWangFood */;
			targetProxy = 542CD8AD23CC644D0015A545 /* PBXContainerItemProxy */;
		};
/* End PBXTargetDependency section */

/* Begin PBXVariantGroup section */
		542CD8A423CC644D0015A545 /* LaunchScreen.storyboard */ = {
			isa = PBXVariantGroup;
			children = (
				542CD8A523CC644D0015A545 /* Base */,
			);
			name = LaunchScreen.storyboard;
			sourceTree = "<group>";
		};
/* End PBXVariantGroup section */

/* Begin XCBuildConfiguration section */
		542CD8B323CC644D0015A545 /* Debug */ = {
			isa = XCBuildConfiguration;
			buildSettings = {
				ALWAYS_SEARCH_USER_PATHS = NO;
				CLANG_ANALYZER_NONNULL = YES;
				CLANG_ANALYZER_NUMBER_OBJECT_CONVERSION = YES_AGGRESSIVE;
				CLANG_CXX_LANGUAGE_STANDARD = "gnu++14";
				CLANG_CXX_LIBRARY = "libc++";
				CLANG_ENABLE_MODULES = YES;
				CLANG_ENABLE_OBJC_ARC = YES;
				CLANG_ENABLE_OBJC_WEAK = YES;
				CLANG_WARN_BLOCK_CAPTURE_AUTORELEASING = YES;
				CLANG_WARN_BOOL_CONVERSION = YES;
				CLANG_WARN_COMMA = YES;
				CLANG_WARN_CONSTANT_CONVERSION = YES;
				CLANG_WARN_DEPRECATED_OBJC_IMPLEMENTATIONS = YES;
				CLANG_WARN_DIRECT_OBJC_ISA_USAGE = YES_ERROR;
				CLANG_WARN_DOCUMENTATION_COMMENTS = YES;
				CLANG_WARN_EMPTY_BODY = YES;
				CLANG_WARN_ENUM_CONVERSION = YES;
				CLANG_WARN_INFINITE_RECURSION = YES;
				CLANG_WARN_INT_CONVERSION = YES;
				CLANG_WARN_NON_LITERAL_NULL_CONVERSION = YES;
				CLANG_WARN_OBJC_IMPLICIT_RETAIN_SELF = YES;
				CLANG_WARN_OBJC_LITERAL_CONVERSION = YES;
				CLANG_WARN_OBJC_ROOT_CLASS = YES_ERROR;
				CLANG_WARN_RANGE_LOOP_ANALYSIS = YES;
				CLANG_WARN_STRICT_PROTOTYPES = YES;
				CLANG_WARN_SUSPICIOUS_MOVE = YES;
				CLANG_WARN_UNGUARDED_AVAILABILITY = YES_AGGRESSIVE;
				CLANG_WARN_UNREACHABLE_CODE = YES;
				CLANG_WARN__DUPLICATE_METHOD_MATCH = YES;
				COPY_PHASE_STRIP = NO;
				DEBUG_INFORMATION_FORMAT = dwarf;
				ENABLE_STRICT_OBJC_MSGSEND = YES;
				ENABLE_TESTABILITY = YES;
				GCC_C_LANGUAGE_STANDARD = gnu11;
				GCC_DYNAMIC_NO_PIC = NO;
				GCC_NO_COMMON_BLOCKS = YES;
				GCC_OPTIMIZATION_LEVEL = 0;
				GCC_PREPROCESSOR_DEFINITIONS = (
					"DEBUG=1",
					"$(inherited)",
				);
				GCC_WARN_64_TO_32_BIT_CONVERSION = YES;
				GCC_WARN_ABOUT_RETURN_TYPE = YES_ERROR;
				GCC_WARN_UNDECLARED_SELECTOR = YES;
				GCC_WARN_UNINITIALIZED_AUTOS = YES_AGGRESSIVE;
				GCC_WARN_UNUSED_FUNCTION = YES;
				GCC_WARN_UNUSED_VARIABLE = YES;
				IPHONEOS_DEPLOYMENT_TARGET = 13.2;
				MTL_ENABLE_DEBUG_INFO = INCLUDE_SOURCE;
				MTL_FAST_MATH = YES;
				ONLY_ACTIVE_ARCH = YES;
				SDKROOT = iphoneos;
				SWIFT_ACTIVE_COMPILATION_CONDITIONS = DEBUG;
				SWIFT_OPTIMIZATION_LEVEL = "-Onone";
			};
			name = Debug;
		};
		542CD8B423CC644D0015A545 /* Release */ = {
			isa = XCBuildConfiguration;
			buildSettings = {
				ALWAYS_SEARCH_USER_PATHS = NO;
				CLANG_ANALYZER_NONNULL = YES;
				CLANG_ANALYZER_NUMBER_OBJECT_CONVERSION = YES_AGGRESSIVE;
				CLANG_CXX_LANGUAGE_STANDARD = "gnu++14";
				CLANG_CXX_LIBRARY = "libc++";
				CLANG_ENABLE_MODULES = YES;
				CLANG_ENABLE_OBJC_ARC = YES;
				CLANG_ENABLE_OBJC_WEAK = YES;
				CLANG_WARN_BLOCK_CAPTURE_AUTORELEASING = YES;
				CLANG_WARN_BOOL_CONVERSION = YES;
				CLANG_WARN_COMMA = YES;
				CLANG_WARN_CONSTANT_CONVERSION = YES;
				CLANG_WARN_DEPRECATED_OBJC_IMPLEMENTATIONS = YES;
				CLANG_WARN_DIRECT_OBJC_ISA_USAGE = YES_ERROR;
				CLANG_WARN_DOCUMENTATION_COMMENTS = YES;
				CLANG_WARN_EMPTY_BODY = YES;
				CLANG_WARN_ENUM_CONVERSION = YES;
				CLANG_WARN_INFINITE_RECURSION = YES;
				CLANG_WARN_INT_CONVERSION = YES;
				CLANG_WARN_NON_LITERAL_NULL_CONVERSION = YES;
				CLANG_WARN_OBJC_IMPLICIT_RETAIN_SELF = YES;
				CLANG_WARN_OBJC_LITERAL_CONVERSION = YES;
				CLANG_WARN_OBJC_ROOT_CLASS = YES_ERROR;
				CLANG_WARN_RANGE_LOOP_ANALYSIS = YES;
				CLANG_WARN_STRICT_PROTOTYPES = YES;
				CLANG_WARN_SUSPICIOUS_MOVE = YES;
				CLANG_WARN_UNGUARDED_AVAILABILITY = YES_AGGRESSIVE;
				CLANG_WARN_UNREACHABLE_CODE = YES;
				CLANG_WARN__DUPLICATE_METHOD_MATCH = YES;
				COPY_PHASE_STRIP = NO;
				DEBUG_INFORMATION_FORMAT = "dwarf-with-dsym";
				ENABLE_NS_ASSERTIONS = NO;
				ENABLE_STRICT_OBJC_MSGSEND = YES;
				GCC_C_LANGUAGE_STANDARD = gnu11;
				GCC_NO_COMMON_BLOCKS = YES;
				GCC_WARN_64_TO_32_BIT_CONVERSION = YES;
				GCC_WARN_ABOUT_RETURN_TYPE = YES_ERROR;
				GCC_WARN_UNDECLARED_SELECTOR = YES;
				GCC_WARN_UNINITIALIZED_AUTOS = YES_AGGRESSIVE;
				GCC_WARN_UNUSED_FUNCTION = YES;
				GCC_WARN_UNUSED_VARIABLE = YES;
				IPHONEOS_DEPLOYMENT_TARGET = 13.2;
				MTL_ENABLE_DEBUG_INFO = NO;
				MTL_FAST_MATH = YES;
				SDKROOT = iphoneos;
				SWIFT_COMPILATION_MODE = wholemodule;
				SWIFT_OPTIMIZATION_LEVEL = "-O";
				VALIDATE_PRODUCT = YES;
			};
			name = Release;
		};
		542CD8B623CC644D0015A545 /* Debug */ = {
			isa = XCBuildConfiguration;
			buildSettings = {
				ASSETCATALOG_COMPILER_APPICON_NAME = AppIcon;
				CODE_SIGN_STYLE = Automatic;
				DEVELOPMENT_ASSET_PATHS = "\"MasterWangFood/Preview Content\"";
				DEVELOPMENT_TEAM = JWNGZ2Y3DW;
				ENABLE_PREVIEWS = YES;
				INFOPLIST_FILE = MasterWangFood/Info.plist;
				LD_RUNPATH_SEARCH_PATHS = (
					"$(inherited)",
					"@executable_path/Frameworks",
				);
				PRODUCT_BUNDLE_IDENTIFIER = com.thoughtworks.MasterWangFood;
				PRODUCT_NAME = "$(TARGET_NAME)";
				SWIFT_VERSION = 5.0;
				TARGETED_DEVICE_FAMILY = "1,2";
			};
			name = Debug;
		};
		542CD8B723CC644D0015A545 /* Release */ = {
			isa = XCBuildConfiguration;
			buildSettings = {
				ASSETCATALOG_COMPILER_APPICON_NAME = AppIcon;
				CODE_SIGN_STYLE = Automatic;
				DEVELOPMENT_ASSET_PATHS = "\"MasterWangFood/Preview Content\"";
				DEVELOPMENT_TEAM = JWNGZ2Y3DW;
				ENABLE_PREVIEWS = YES;
				INFOPLIST_FILE = MasterWangFood/Info.plist;
				LD_RUNPATH_SEARCH_PATHS = (
					"$(inherited)",
					"@executable_path/Frameworks",
				);
				PRODUCT_BUNDLE_IDENTIFIER = com.thoughtworks.MasterWangFood;
				PRODUCT_NAME = "$(TARGET_NAME)";
				SWIFT_VERSION = 5.0;
				TARGETED_DEVICE_FAMILY = "1,2";
			};
			name = Release;
		};
		542CD8B923CC644D0015A545 /* Debug */ = {
			isa = XCBuildConfiguration;
			buildSettings = {
				ALWAYS_EMBED_SWIFT_STANDARD_LIBRARIES = YES;
				BUNDLE_LOADER = "$(TEST_HOST)";
				CODE_SIGN_STYLE = Automatic;
				DEVELOPMENT_TEAM = JWNGZ2Y3DW;
				INFOPLIST_FILE = MasterWangFoodTests/Info.plist;
				IPHONEOS_DEPLOYMENT_TARGET = 13.2;
				LD_RUNPATH_SEARCH_PATHS = (
					"$(inherited)",
					"@executable_path/Frameworks",
					"@loader_path/Frameworks",
				);
				PRODUCT_BUNDLE_IDENTIFIER = com.thoughtworks.MasterWangFoodTests;
				PRODUCT_NAME = "$(TARGET_NAME)";
				SWIFT_VERSION = 5.0;
				TARGETED_DEVICE_FAMILY = "1,2";
				TEST_HOST = "$(BUILT_PRODUCTS_DIR)/MasterWangFood.app/MasterWangFood";
			};
			name = Debug;
		};
		542CD8BA23CC644D0015A545 /* Release */ = {
			isa = XCBuildConfiguration;
			buildSettings = {
				ALWAYS_EMBED_SWIFT_STANDARD_LIBRARIES = YES;
				BUNDLE_LOADER = "$(TEST_HOST)";
				CODE_SIGN_STYLE = Automatic;
				DEVELOPMENT_TEAM = JWNGZ2Y3DW;
				INFOPLIST_FILE = MasterWangFoodTests/Info.plist;
				IPHONEOS_DEPLOYMENT_TARGET = 13.2;
				LD_RUNPATH_SEARCH_PATHS = (
					"$(inherited)",
					"@executable_path/Frameworks",
					"@loader_path/Frameworks",
				);
				PRODUCT_BUNDLE_IDENTIFIER = com.thoughtworks.MasterWangFoodTests;
				PRODUCT_NAME = "$(TARGET_NAME)";
				SWIFT_VERSION = 5.0;
				TARGETED_DEVICE_FAMILY = "1,2";
				TEST_HOST = "$(BUILT_PRODUCTS_DIR)/MasterWangFood.app/MasterWangFood";
			};
			name = Release;
		};
/* End XCBuildConfiguration section */

/* Begin XCConfigurationList section */
		542CD89123CC644C0015A545 /* Build configuration list for PBXProject "MasterWangFood" */ = {
			isa = XCConfigurationList;
			buildConfigurations = (
				542CD8B323CC644D0015A545 /* Debug */,
				542CD8B423CC644D0015A545 /* Release */,
			);
			defaultConfigurationIsVisible = 0;
			defaultConfigurationName = Release;
		};
		542CD8B523CC644D0015A545 /* Build configuration list for PBXNativeTarget "MasterWangFood" */ = {
			isa = XCConfigurationList;
			buildConfigurations = (
				542CD8B623CC644D0015A545 /* Debug */,
				542CD8B723CC644D0015A545 /* Release */,
			);
			defaultConfigurationIsVisible = 0;
			defaultConfigurationName = Release;
		};
		542CD8B823CC644D0015A545 /* Build configuration list for PBXNativeTarget "MasterWangFoodTests" */ = {
			isa = XCConfigurationList;
			buildConfigurations = (
				542CD8B923CC644D0015A545 /* Debug */,
				542CD8BA23CC644D0015A545 /* Release */,
			);
			defaultConfigurationIsVisible = 0;
			defaultConfigurationName = Release;
		};
/* End XCConfigurationList section */
	};
	rootObject = 542CD88E23CC644C0015A545 /* Project object */;
}
